
Microsoft Visual Studio Solution File, Format Version 12.00
# Visual Studio Version 16
VisualStudioVersion = 16.0.31313.79
MinimumVisualStudioVersion = 10.0.40219.1
Project("{8BC9CEB8-8B4A-11D0-8D11-00A0C91BC942}") = "program", "program\program.vcxproj", "{70ED5C27-917B-4B54-88B3-94F1B3E97BF0}"
EndProject
Global
	GlobalSection(SolutionConfigurationPlatforms) = preSolution
		Debug|x64 = Debug|x64
		Release|x64 = Release|x64
	EndGlobalSection
	GlobalSection(ProjectConfigurationPlatforms) = postSolution
		{70ED5C27-917B-4B54-88B3-94F1B3E97BF0}.Debug|x64.ActiveCfg = Debug|x64
		{70ED5C27-917B-4B54-88B3-94F1B3E97BF0}.Debug|x64.Build.0 = Debug|x64
		{70ED5C27-917B-4B54-88B3-94F1B3E97BF0}.Release|x64.ActiveCfg = Release|x64
		{70ED5C27-917B-4B54-88B3-94F1B3E97BF0}.Release|x64.Build.0 = Release|x64
	EndGlobalSection
	GlobalSection(SolutionProperties) = preSolution
		HideSolutionNode = FALSE
	EndGlobalSection
	GlobalSection(ExtensibilityGlobals) = postSolution
		SolutionGuid = {471F038B-9EBD-4001-A30E-DBABFCD99486}
	EndGlobalSection
EndGlobal
